
Microsoft Visual Studio Solution File, Format Version 12.00
# Visual Studio Version 16
VisualStudioVersion = 16.0.31205.134
MinimumVisualStudioVersion = 10.0.40219.1
Project("{9A19103F-16F7-4668-BE54-9A1E7A4F7556}") = "AArvaniAlgorithms", "AArvvaniAlgorithms\AArvaniAlgorithms.csproj", "{F6D3BC8F-6BE8-4CA8-A3E0-FDBBDFA1B201}"
EndProject
Project("{9A19103F-16F7-4668-BE54-9A1E7A4F7556}") = "AarvaniAlgorithms.Tests", "AarvaniAlgorithms.Tests\AarvaniAlgorithms.Tests.csproj", "{3C88E2D8-7989-44BC-B456-73249E0E7E55}"
EndProject
Global
	GlobalSection(SolutionConfigurationPlatforms) = preSolution
		Debug|Any CPU = Debug|Any CPU
		Release|Any CPU = Release|Any CPU
	EndGlobalSection
	GlobalSection(ProjectConfigurationPlatforms) = postSolution
		{F6D3BC8F-6BE8-4CA8-A3E0-FDBBDFA1B201}.Debug|Any CPU.ActiveCfg = Debug|Any CPU
		{F6D3BC8F-6BE8-4CA8-A3E0-FDBBDFA1B201}.Debug|Any CPU.Build.0 = Debug|Any CPU
		{F6D3BC8F-6BE8-4CA8-A3E0-FDBBDFA1B201}.Release|Any CPU.ActiveCfg = Release|Any CPU
		{F6D3BC8F-6BE8-4CA8-A3E0-FDBBDFA1B201}.Release|Any CPU.Build.0 = Release|Any CPU
		{3C88E2D8-7989-44BC-B456-73249E0E7E55}.Debug|Any CPU.ActiveCfg = Debug|Any CPU
		{3C88E2D8-7989-44BC-B456-73249E0E7E55}.Debug|Any CPU.Build.0 = Debug|Any CPU
		{3C88E2D8-7989-44BC-B456-73249E0E7E55}.Release|Any CPU.ActiveCfg = Release|Any CPU
		{3C88E2D8-7989-44BC-B456-73249E0E7E55}.Release|Any CPU.Build.0 = Release|Any CPU
	EndGlobalSection
	GlobalSection(SolutionProperties) = preSolution
		HideSolutionNode = FALSE
	EndGlobalSection
	GlobalSection(ExtensibilityGlobals) = postSolution
		SolutionGuid = {D83C74BF-F090-4D80-B0C0-B9F083F78B76}
	EndGlobalSection
EndGlobal
